lockfileVersion: '9.0'

settings:
  autoInstallPeers: true
  excludeLinksFromLockfile: false

importers:

  .:
    dependencies:
      '@hey-api/client-fetch':
        specifier: ^0.10.0
        version: 0.10.0(@hey-api/openapi-ts@0.66.3(typescript@5.5.4))
      openapi-fetch:
        specifier: ^0.13.5
        version: 0.13.5
    devDependencies:
      '@hey-api/openapi-ts':
        specifier: ^0.66.3
        version: 0.66.3(typescript@5.5.4)
      '@types/node':
        specifier: ^22.0.2
        version: 22.0.2
      bunchee:
        specifier: ^5.1.5
        version: 5.3.1(typescript@5.5.4)
      prettier:
        specifier: ^3.2.5
        version: 3.3.3
      typescript:
        specifier: ^5.3.3
        version: 5.5.4

packages:

  '@babel/code-frame@7.26.2':
    resolution: {integrity: sha512-RJlIHRueQgwWitWgF8OdFYGZX328Ax5BCemNGlqHfplnRT9ESi8JkFlvaVYbS+UubVY6dpv87Fs2u5M29iNFVQ==}
    engines: {node: '>=6.9.0'}

  '@babel/helper-validator-identifier@7.25.9':
    resolution: {integrity: sha512-Ed61U6XJc3CVRfkERJWDz4dJwKe7iLmmJsbOGu9wSloNSFttHV0I8g6UAgb7qnK5ly5bGLPd4oXZlxCdANBOWQ==}
    engines: {node: '>=6.9.0'}

  '@fastify/deepmerge@1.3.0':
    resolution: {integrity: sha512-J8TOSBq3SoZbDhM9+R/u77hP93gz/rajSA+K2kGyijPpORPWUXHUpTaleoj+92As0S9uPRP7Oi8IqMf0u+ro6A==}

  '@hey-api/client-fetch@0.10.0':
    resolution: {integrity: sha512-C7vzj4t52qPiHCqjn1l8cRTI2p4pZCd7ViLtJDTHr5ZwI4sWOYC1tmv6bd529qqY6HFFbhGCz4TAZSwKAMJncg==}
    peerDependencies:
      '@hey-api/openapi-ts': < 2

  '@hey-api/json-schema-ref-parser@1.0.4':
    resolution: {integrity: sha512-IaJ4yFgU5r63KZyeySHRKSM1bavFIda8KdwCFi5BxQCIklltzEByBksNOPms+yHXpWWfR+OopIusVZV8roycYg==}
    engines: {node: '>= 16'}

  '@hey-api/openapi-ts@0.66.3':
    resolution: {integrity: sha512-kws5hZo/M5WuapSYVvA7Nr+/4bCCjzDEzdjxUqWH8VV28MG7nob+TwZRgqaus7POZmJ2+zc2oCzHhdlvOTYVLA==}
    engines: {node: ^18.18.0 || ^20.9.0 || >=22.10.0}
    hasBin: true
    peerDependencies:
      typescript: ^5.5.3

  '@isaacs/cliui@8.0.2':
    resolution: {integrity: sha512-O8jcjabXaleOG9DQ0+ARXWZBTfnP4WNAqzuiJK7ll44AmxGKv/J2M4TPjxjY3znBCfvBXFzucm1twdyFybFqEA==}
    engines: {node: '>=12'}

  '@jridgewell/sourcemap-codec@1.5.0':
    resolution: {integrity: sha512-gv3ZRaISU3fjPAgNsriBRqGWQL6quFx04YMPW/zD8XMLsU32mhCCbfbO6KZFLjvYpCZ8zyDEgqsgf+PwPaM7GQ==}

  '@jsdevtools/ono@7.1.3':
    resolution: {integrity: sha512-4JQNk+3mVzK3xh2rqd6RB4J46qUR19azEHBneZyTZM+c456qOrbbM/5xcR8huNCCcbVt7+UmizG6GuUvPvKUYg==}

  '@pkgjs/parseargs@0.11.0':
    resolution: {integrity: sha512-+1VkjdD0QBLPodGrJUeqarH8VAIvQODIbwh9XpP5Syisf7YoQgsJKPNFoqqLQlu+VQ/tVSshMR6loPMn8U+dPg==}
    engines: {node: '>=14'}

  '@rollup/plugin-commonjs@26.0.1':
    resolution: {integrity: sha512-UnsKoZK6/aGIH6AdkptXhNvhaqftcjq3zZdT+LY5Ftms6JR06nADcDsYp5hTU9E2lbJUEOhdlY5J4DNTneM+jQ==}
    engines: {node: '>=16.0.0 || 14 >= 14.17'}
    peerDependencies:
      rollup: ^2.68.0||^3.0.0||^4.0.0
    peerDependenciesMeta:
      rollup:
        optional: true

  '@rollup/plugin-json@6.1.0':
    resolution: {integrity: sha512-EGI2te5ENk1coGeADSIwZ7G2Q8CJS2sF120T7jLw4xFw9n7wIOXHo+kIYRAoVpJAN+kmqZSoO3Fp4JtoNF4ReA==}
    engines: {node: '>=14.0.0'}
    peerDependencies:
      rollup: ^1.20.0||^2.0.0||^3.0.0||^4.0.0
    peerDependenciesMeta:
      rollup:
        optional: true

  '@rollup/plugin-node-resolve@15.2.3':
    resolution: {integrity: sha512-j/lym8nf5E21LwBT4Df1VD6hRO2L2iwUeUmP7litikRsVp1H6NWx20NEp0Y7su+7XGc476GnXXc4kFeZNGmaSQ==}
    engines: {node: '>=14.0.0'}
    peerDependencies:
      rollup: ^2.78.0||^3.0.0||^4.0.0
    peerDependenciesMeta:
      rollup:
        optional: true

  '@rollup/plugin-replace@5.0.7':
    resolution: {integrity: sha512-PqxSfuorkHz/SPpyngLyg5GCEkOcee9M1bkxiVDr41Pd61mqP1PLOoDPbpl44SB2mQGKwV/In74gqQmGITOhEQ==}
    engines: {node: '>=14.0.0'}
    peerDependencies:
      rollup: ^1.20.0||^2.0.0||^3.0.0||^4.0.0
    peerDependenciesMeta:
      rollup:
        optional: true

  '@rollup/plugin-wasm@6.2.2':
    resolution: {integrity: sha512-gpC4R1G9Ni92ZIRTexqbhX7U+9estZrbhP+9SRb0DW9xpB9g7j34r+J2hqrcW/lRI7dJaU84MxZM0Rt82tqYPQ==}
    engines: {node: '>=14.0.0'}
    peerDependencies:
      rollup: ^1.20.0||^2.0.0||^3.0.0||^4.0.0
    peerDependenciesMeta:
      rollup:
        optional: true

  '@rollup/pluginutils@5.1.0':
    resolution: {integrity: sha512-XTIWOPPcpvyKI6L1NHo0lFlCyznUEyPmPY1mc3KpPVDYulHSTvyeLNVW00QTLIAFNhR3kYnJTQHeGqU4M3n09g==}
    engines: {node: '>=14.0.0'}
    peerDependencies:
      rollup: ^1.20.0||^2.0.0||^3.0.0||^4.0.0
    peerDependenciesMeta:
      rollup:
        optional: true

  '@rollup/rollup-android-arm-eabi@4.19.1':
    resolution: {integrity: sha512-XzqSg714++M+FXhHfXpS1tDnNZNpgxxuGZWlRG/jSj+VEPmZ0yg6jV4E0AL3uyBKxO8mO3xtOsP5mQ+XLfrlww==}
    cpu: [arm]
    os: [android]

  '@rollup/rollup-android-arm64@4.19.1':
    resolution: {integrity: sha512-thFUbkHteM20BGShD6P08aungq4irbIZKUNbG70LN8RkO7YztcGPiKTTGZS7Kw+x5h8hOXs0i4OaHwFxlpQN6A==}
    cpu: [arm64]
    os: [android]

  '@rollup/rollup-darwin-arm64@4.19.1':
    resolution: {integrity: sha512-8o6eqeFZzVLia2hKPUZk4jdE3zW7LCcZr+MD18tXkgBBid3lssGVAYuox8x6YHoEPDdDa9ixTaStcmx88lio5Q==}
    cpu: [arm64]
    os: [darwin]

  '@rollup/rollup-darwin-x64@4.19.1':
    resolution: {integrity: sha512-4T42heKsnbjkn7ovYiAdDVRRWZLU9Kmhdt6HafZxFcUdpjlBlxj4wDrt1yFWLk7G4+E+8p2C9tcmSu0KA6auGA==}
    cpu: [x64]
    os: [darwin]

  '@rollup/rollup-linux-arm-gnueabihf@4.19.1':
    resolution: {integrity: sha512-MXg1xp+e5GhZ3Vit1gGEyoC+dyQUBy2JgVQ+3hUrD9wZMkUw/ywgkpK7oZgnB6kPpGrxJ41clkPPnsknuD6M2Q==}
    cpu: [arm]
    os: [linux]

  '@rollup/rollup-linux-arm-musleabihf@4.19.1':
    resolution: {integrity: sha512-DZNLwIY4ftPSRVkJEaxYkq7u2zel7aah57HESuNkUnz+3bZHxwkCUkrfS2IWC1sxK6F2QNIR0Qr/YXw7nkF3Pw==}
    cpu: [arm]
    os: [linux]

  '@rollup/rollup-linux-arm64-gnu@4.19.1':
    resolution: {integrity: sha512-C7evongnjyxdngSDRRSQv5GvyfISizgtk9RM+z2biV5kY6S/NF/wta7K+DanmktC5DkuaJQgoKGf7KUDmA7RUw==}
    cpu: [arm64]
    os: [linux]

  '@rollup/rollup-linux-arm64-musl@4.19.1':
    resolution: {integrity: sha512-89tFWqxfxLLHkAthAcrTs9etAoBFRduNfWdl2xUs/yLV+7XDrJ5yuXMHptNqf1Zw0UCA3cAutkAiAokYCkaPtw==}
    cpu: [arm64]
    os: [linux]

  '@rollup/rollup-linux-powerpc64le-gnu@4.19.1':
    resolution: {integrity: sha512-PromGeV50sq+YfaisG8W3fd+Cl6mnOOiNv2qKKqKCpiiEke2KiKVyDqG/Mb9GWKbYMHj5a01fq/qlUR28PFhCQ==}
    cpu: [ppc64]
    os: [linux]

  '@rollup/rollup-linux-riscv64-gnu@4.19.1':
    resolution: {integrity: sha512-/1BmHYh+iz0cNCP0oHCuF8CSiNj0JOGf0jRlSo3L/FAyZyG2rGBuKpkZVH9YF+x58r1jgWxvm1aRg3DHrLDt6A==}
    cpu: [riscv64]
    os: [linux]

  '@rollup/rollup-linux-s390x-gnu@4.19.1':
    resolution: {integrity: sha512-0cYP5rGkQWRZKy9/HtsWVStLXzCF3cCBTRI+qRL8Z+wkYlqN7zrSYm6FuY5Kd5ysS5aH0q5lVgb/WbG4jqXN1Q==}
    cpu: [s390x]
    os: [linux]

  '@rollup/rollup-linux-x64-gnu@4.19.1':
    resolution: {integrity: sha512-XUXeI9eM8rMP8aGvii/aOOiMvTs7xlCosq9xCjcqI9+5hBxtjDpD+7Abm1ZhVIFE1J2h2VIg0t2DX/gjespC2Q==}
    cpu: [x64]
    os: [linux]

  '@rollup/rollup-linux-x64-musl@4.19.1':
    resolution: {integrity: sha512-V7cBw/cKXMfEVhpSvVZhC+iGifD6U1zJ4tbibjjN+Xi3blSXaj/rJynAkCFFQfoG6VZrAiP7uGVzL440Q6Me2Q==}
    cpu: [x64]
    os: [linux]

  '@rollup/rollup-win32-arm64-msvc@4.19.1':
    resolution: {integrity: sha512-88brja2vldW/76jWATlBqHEoGjJLRnP0WOEKAUbMcXaAZnemNhlAHSyj4jIwMoP2T750LE9lblvD4e2jXleZsA==}
    cpu: [arm64]
    os: [win32]

  '@rollup/rollup-win32-ia32-msvc@4.19.1':
    resolution: {integrity: sha512-LdxxcqRVSXi6k6JUrTah1rHuaupoeuiv38du8Mt4r4IPer3kwlTo+RuvfE8KzZ/tL6BhaPlzJ3835i6CxrFIRQ==}
    cpu: [ia32]
    os: [win32]

  '@rollup/rollup-win32-x64-msvc@4.19.1':
    resolution: {integrity: sha512-2bIrL28PcK3YCqD9anGxDxamxdiJAxA+l7fWIwM5o8UqNy1t3d1NdAweO2XhA0KTDJ5aH1FsuiT5+7VhtHliXg==}
    cpu: [x64]
    os: [win32]

  '@swc/core-darwin-arm64@1.7.4':
    resolution: {integrity: sha512-RbWrdGh+x9xKFUA9/kPZRR8OPxUsDUuPyLjPIGLYZMO+ftht2vhVH7QsUq6lg+jAP34eIya72UA1isiZe+BRaA==}
    engines: {node: '>=10'}
    cpu: [arm64]
    os: [darwin]

  '@swc/core-darwin-x64@1.7.4':
    resolution: {integrity: sha512-TxCWMJs4OrqApjFuT8cUiqMz0zg97F0JsXBEeZ7zjkyv9XJ/rN2pdwqMlZv0Wv2C2rivOPo6FsWYlZ3V8ZHhyA==}
    engines: {node: '>=10'}
    cpu: [x64]
    os: [darwin]

  '@swc/core-linux-arm-gnueabihf@1.7.4':
    resolution: {integrity: sha512-5IhwIJZAgkkfI6PqgQ3xk0/2hTAVsAczIPLiR2Epp30EgsNo1KIFL0ZHzrnvJPy5BZ3jy3T1dEbDE/memBOEmA==}
    engines: {node: '>=10'}
    cpu: [arm]
    os: [linux]

  '@swc/core-linux-arm64-gnu@1.7.4':
    resolution: {integrity: sha512-0787jri83jigf26mF8FndWehh7jqMaHwAm/OV6VdToyNo/g+d1AxVpkEizrywZK46el+AObnHUIHIHwZgO21LA==}
    engines: {node: '>=10'}
    cpu: [arm64]
    os: [linux]

  '@swc/core-linux-arm64-musl@1.7.4':
    resolution: {integrity: sha512-A45hGKWAGcjU5Ol0uQUoK0tHerwEKxfprYUZbmPLpD2yrpMZr+dTrwY2n075sixs7RuZEccBkgGNpehEe5BPBQ==}
    engines: {node: '>=10'}
    cpu: [arm64]
    os: [linux]

  '@swc/core-linux-x64-gnu@1.7.4':
    resolution: {integrity: sha512-bcO1MpAm39TXqqHuYW4ox4vDvhB7jkguwMwxvmL+cKBGsUHrIoUTfGt9NM9N4D4CvOwULlxqbyt19veUJ7CVPw==}
    engines: {node: '>=10'}
    cpu: [x64]
    os: [linux]

  '@swc/core-linux-x64-musl@1.7.4':
    resolution: {integrity: sha512-N6nXuHyDO/q5kPN2xQxz5BEvhFpgnFSkP+9wxg5xWq+qIQL5bv37jk8dkKvMLx/8fHzTqrIjPDSRzVbcL7sqXg==}
    engines: {node: '>=10'}
    cpu: [x64]
    os: [linux]

  '@swc/core-win32-arm64-msvc@1.7.4':
    resolution: {integrity: sha512-7W1owqCNR1cG+mpS55juiZlR/lrAdxB1pH32egeOipNKOLGwyqmlzQ0g9tkQTNgzwgfpCUg8z606+GqqXvajZw==}
    engines: {node: '>=10'}
    cpu: [arm64]
    os: [win32]

  '@swc/core-win32-ia32-msvc@1.7.4':
    resolution: {integrity: sha512-saLkY+q7zNPk4gYiUBCc93FYPo4ECXMjHcSPtLVHoPZBIxRrklgaAf6aDpblBo30nVdoBE2V3YPd0Y/cPiY6RQ==}
    engines: {node: '>=10'}
    cpu: [ia32]
    os: [win32]

  '@swc/core-win32-x64-msvc@1.7.4':
    resolution: {integrity: sha512-zKF6jpRBNuVKgOf2W5dMcPyjwcNCp21syjl9lvLRbCeIg+1U+zjdoQCAmMWWoPNE7fLg+yfvohnnOJG2AdzQ9Q==}
    engines: {node: '>=10'}
    cpu: [x64]
    os: [win32]

  '@swc/core@1.7.4':
    resolution: {integrity: sha512-+wSycNxOw9QQz81AJAZlNS34EtOIifwUXMPACg05PWjECsjOKDTXLCVPx6J0lRaxhHSGBU2OYs9mRfIvxGt3CA==}
    engines: {node: '>=10'}
    peerDependencies:
      '@swc/helpers': '*'
    peerDependenciesMeta:
      '@swc/helpers':
        optional: true

  '@swc/counter@0.1.3':
    resolution: {integrity: sha512-e2BR4lsJkkRlKZ/qCHPw9ZaSxc0MVUd7gtbtaB7aMvHeJVYe8sOB8DBZkP2DtISHGSku9sCK6T6cnY0CtXrOCQ==}

  '@swc/helpers@0.5.12':
    resolution: {integrity: sha512-KMZNXiGibsW9kvZAO1Pam2JPTDBm+KSHMMHWdsyI/1DbIZjT2A6Gy3hblVXUMEDvUAKq+e0vL0X0o54owWji7g==}

  '@swc/types@0.1.12':
    resolution: {integrity: sha512-wBJA+SdtkbFhHjTMYH+dEH1y4VpfGdAc2Kw/LK09i9bXd/K6j6PkDcFCEzb6iVfZMkPRrl/q0e3toqTAJdkIVA==}

  '@types/estree@1.0.5':
    resolution: {integrity: sha512-/kYRxGDLWzHOB7q+wtSUQlFrtcdUccpfy+X+9iMBpHK8QLLhx2wIPYuS5DYtR9Wa/YlZAbIovy7qVdB1Aq6Lyw==}

  '@types/json-schema@7.0.15':
    resolution: {integrity: sha512-5+fP8P8MFNC+AyZCDxrB2pkZFPGzqQWUzpSeuuVLvm8VMcorNYavBqoFcxK8bQz4Qsbn4oUEEem4wDLfcysGHA==}

  '@types/node@22.0.2':
    resolution: {integrity: sha512-yPL6DyFwY5PiMVEwymNeqUTKsDczQBJ/5T7W/46RwLU/VH+AA8aT5TZkvBviLKLbbm0hlfftEkGrNzfRk/fofQ==}

  '@types/resolve@1.20.2':
    resolution: {integrity: sha512-60BCwRFOZCQhDncwQdxxeOEEkbc5dIMccYLwbxsS4TUNeVECQ/pBJ0j09mrHOl/JJvpRPGwO9SvE4nR2Nb/a4Q==}

  acorn@8.14.1:
    resolution: {integrity: sha512-OvQ/2pUDKmgfCg++xsTX1wGxfTaszcHVcTctW4UJB4hibJx2HXxxO5UmVgyjMa+ZDsiaf5wWLXYpRWMmBI0QHg==}
    engines: {node: '>=0.4.0'}
    hasBin: true

  ansi-regex@5.0.1:
    resolution: {integrity: sha512-quJQXlTSUGL2LH9SUXo8VwsY4soanhgo6LNSm84E1LBcE8s3O0wpdiRzyR9z/ZZJMlMWv37qOOb9pdJlMUEKFQ==}
    engines: {node: '>=8'}

  ansi-regex@6.0.1:
    resolution: {integrity: sha512-n5M855fKb2SsfMIiFFoVrABHJC8QtHwVx+mHWP3QcEqBHYienj5dHSgjbxtC0WEZXYt4wcD6zrQElDPhFuZgfA==}
    engines: {node: '>=12'}

  ansi-styles@4.3.0:
    resolution: {integrity: sha512-zbB9rCJAT1rbjiVDb2hqKFHNYLxgtk8NURxZ3IZwD3F6NtxbXZQCnnSi1Lkx+IDohdPlFp222wVALIheZJQSEg==}
    engines: {node: '>=8'}

  ansi-styles@6.2.1:
    resolution: {integrity: sha512-bN798gFfQX+viw3R7yrGWRqnrN2oRkEkUjjl4JNn4E8GxxbjtG3FbrEIIY3l8/hrwUwIeCZvi4QuOTP4MErVug==}
    engines: {node: '>=12'}

  arg@5.0.2:
    resolution: {integrity: sha512-PYjyFOLKQ9y57JvQ6QLo8dAgNqswh8M1RMJYdQduT6xbWSgK36P/Z/v+p888pM69jMMfS8Xd8F6I1kQ/I9HUGg==}

  argparse@2.0.1:
    resolution: {integrity: sha512-8+9WqebbFzpX9OR+Wa6O29asIogeRMzcGtAINdpMHHyAg10f05aSFVBbcEqGf/PXw1EjAZ+q2/bEBg3DvurK3Q==}

  balanced-match@1.0.2:
    resolution: {integrity: sha512-3oSeUO0TMV67hN1AmbXsK4yaqU7tjiHlbxRDZOpH0KW9+CeX4bRAaX0Anxt0tx2MrpRpWwQaPwIlISEJhYU5Pw==}

  brace-expansion@2.0.1:
    resolution: {integrity: sha512-XnAIvQ8eM+kC6aULx6wuQiwVsnzsi9d3WxzV3FpWTGA19F621kwdbsAcFKXgKUHZWsy+mY6iL1sHTxWEFCytDA==}

  builtin-modules@3.3.0:
    resolution: {integrity: sha512-zhaCDicdLuWN5UbN5IMnFqNMhNfo919sH85y2/ea+5Yg9TsTkeZxpL+JLbp6cgYFS4sRLp3YV4S6yDuqVWHYOw==}
    engines: {node: '>=6'}

  bunchee@5.3.1:
    resolution: {integrity: sha512-8RsaVmHrmmL/qy1B13StTvFUx8CATmRBbC4Dci9HZzajCZQMIwfZqcAGocd69lfLR1SOk3V/gj01/3yyjDEerA==}
    engines: {node: '>= 18.0.0'}
    hasBin: true
    peerDependencies:
      typescript: ^4.1 || ^5.0
    peerDependenciesMeta:
      typescript:
        optional: true

  c12@2.0.1:
    resolution: {integrity: sha512-Z4JgsKXHG37C6PYUtIxCfLJZvo6FyhHJoClwwb9ftUkLpPSkuYqn6Tr+vnaN8hymm0kIbcg6Ey3kv/Q71k5w/A==}
    peerDependencies:
      magicast: ^0.3.5
    peerDependenciesMeta:
      magicast:
        optional: true

  chalk@5.3.0:
    resolution: {integrity: sha512-dLitG79d+GV1Nb/VYcCDFivJeK1hiukt9QjRNVOsUtTy1rR1YJsmpGGTZ3qJos+uw7WmWF4wUwBd9jxjocFC2w==}
    engines: {node: ^12.17.0 || ^14.13 || >=16.0.0}

  chokidar@4.0.3:
    resolution: {integrity: sha512-Qgzu8kfBvo+cA4962jnP1KkS6Dop5NS6g7R5LFYJr4b8Ub94PPQXUksCw9PvXoeXPRRddRNC5C1JQUR2SMGtnA==}
    engines: {node: '>= 14.16.0'}

  chownr@2.0.0:
    resolution: {integrity: sha512-bIomtDF5KGpdogkLd9VspvFzk9KfpyyGlS8YFVZl7TGPBHL5snIOnxeshwVgPteQ9b4Eydl+pVbIyE1DcvCWgQ==}
    engines: {node: '>=10'}

  citty@0.1.6:
    resolution: {integrity: sha512-tskPPKEs8D2KPafUypv2gxwJP8h/OaJmC82QQGGDQcHvXX43xF2VDACcJVmZ0EuSxkpO9Kc4MlrA3q0+FG58AQ==}

  clean-css@5.3.3:
    resolution: {integrity: sha512-D5J+kHaVb/wKSFcyyV75uCn8fiY4sV38XJoe4CUyGQ+mOU/fMVYUdH1hJC+CJQ5uY3EnW27SbJYS4X8BiLrAFg==}
    engines: {node: '>= 10.0'}

  cli-cursor@4.0.0:
    resolution: {integrity: sha512-VGtlMu3x/4DOtIUwEkRezxUZ2lBacNJCHash0N0WeZDBS+7Ux1dm3XWAgWYxLJFMMdOeXMHXorshEFhbMSGelg==}
    engines: {node: ^12.20.0 || ^14.13.1 || >=16.0.0}

  cli-spinners@2.9.2:
    resolution: {integrity: sha512-ywqV+5MmyL4E7ybXgKys4DugZbX0FC6LnwrhjuykIjnK9k8OQacQ7axGKnjDXWNhns0xot3bZI5h55H8yo9cJg==}
    engines: {node: '>=6'}

  color-convert@2.0.1:
    resolution: {integrity: sha512-RRECPsj7iu/xb5oKYcsFHSppFNnsj/52OVTRKb4zP5onXwVF3zVmmToNcOfGC+CRDpfK/U584fMg38ZHCaElKQ==}
    engines: {node: '>=7.0.0'}

  color-name@1.1.4:
    resolution: {integrity: sha512-dOy+3AuW3a2wNbZHIuMZpTcgjGuLU/uBL/ubcZF9OXbDo8ff4O8yVp5Bf0efS8uEoYo5q4Fx7dY9OgQGXgAsQA==}

  commander@13.0.0:
    resolution: {integrity: sha512-oPYleIY8wmTVzkvQq10AEok6YcTC4sRUBl8F9gVuwchGVUCTbl/vhLTaQqutuuySYOsu8YTgV+OxKc/8Yvx+mQ==}
    engines: {node: '>=18'}

  commondir@1.0.1:
    resolution: {integrity: sha512-W9pAhw0ja1Edb5GVdIF1mjZw/ASI0AlShXM83UUGe2DVr5TdAPEA1OA8m/g8zWp9x6On7gqufY+FatDbC3MDQg==}

  confbox@0.1.8:
    resolution: {integrity: sha512-RMtmw0iFkeR4YV+fUOSucriAQNb9g8zFR52MWCtl+cCZOFRNL6zeB395vPzFhEjjn4fMxXudmELnl/KF/WrK6w==}

  consola@3.4.2:
    resolution: {integrity: sha512-5IKcdX0nnYavi6G7TtOhwkYzyjfJlatbjMjuLSfE2kYT5pMDOilZ4OvMhi637CcDICTmz3wARPoyhqyX1Y+XvA==}
    engines: {node: ^14.18.0 || >=16.10.0}

  cross-spawn@7.0.3:
    resolution: {integrity: sha512-iRDPJKUPVEND7dHPO8rkbOnPpyDygcDFtWjpeWNCgy8WP2rXcxXL8TskReQl6OrB2G7+UJrags1q15Fudc7G6w==}
    engines: {node: '>= 8'}

  deepmerge@4.3.1:
    resolution: {integrity: sha512-3sUqbMEc77XqpdNO7FRyRog+eW3ph+GYCbj+rK+uYyRMuwsVy0rMiVtPn+QJlKFvWP/1PYpapqYn0Me2knFn+A==}
    engines: {node: '>=0.10.0'}

  defu@6.1.4:
    resolution: {integrity: sha512-mEQCMmwJu317oSz8CwdIOdwf3xMif1ttiM8LTufzc3g6kR+9Pe236twL8j3IYT1F7GfRgGcW6MWxzZjLIkuHIg==}

  destr@2.0.5:
    resolution: {integrity: sha512-ugFTXCtDZunbzasqBxrK93Ik/DRYsO6S/fedkWEMKqt04xZ4csmnmwGDBAb07QWNaGMAmnTIemsYZCksjATwsA==}

  dotenv@16.4.5:
    resolution: {integrity: sha512-ZmdL2rui+eB2YwhsWzjInR8LldtZHGDoQ1ugH85ppHKwpUHL7j7rN0Ti9NCnGiQbhaZ11FpR+7ao1dNsmduNUg==}
    engines: {node: '>=12'}

  eastasianwidth@0.2.0:
    resolution: {integrity: sha512-I88TYZWc9XiYHRQ4/3c5rjjfgkjhLyW2luGIheGERbNQ6OY7yTybanSpDXZa8y7VUP9YmDcYa+eyq4ca7iLqWA==}

  emoji-regex@10.3.0:
    resolution: {integrity: sha512-QpLs9D9v9kArv4lfDEgg1X/gN5XLnf/A6l9cs8SPZLRZR3ZkY9+kwIQTxm+fsSej5UMYGE8fdoaZVIBlqG0XTw==}

  emoji-regex@8.0.0:
    resolution: {integrity: sha512-MSjYzcWNOA0ewAHpz0MxpYFvwg6yjy1NG3xteoqz644VCo/RPgnr1/GGt+ic3iJTzQ8Eu3TdM14SawnVUmGE6A==}

  emoji-regex@9.2.2:
    resolution: {integrity: sha512-L18DaJsXSUk2+42pv8mLs5jJT2hqFkFE4j21wOmgbUqsZ2hL72NsUU785g9RXgo3s0ZNgVl42TiHp3ZtOv/Vyg==}

  estree-walker@2.0.2:
    resolution: {integrity: sha512-Rfkk/Mp/DL7JVje3u18FxFujQlTNR2q6QfMSMB7AvCBx91NGj/ba3kCfza0f6dVDbw7YlRf/nDrn7pQrCCyQ/w==}

  foreground-child@3.2.1:
    resolution: {integrity: sha512-PXUUyLqrR2XCWICfv6ukppP96sdFwWbNEnfEMt7jNsISjMsvaLNinAHNDYyvkyU+SZG2BTSbT5NjG+vZslfGTA==}
    engines: {node: '>=14'}

  fs-minipass@2.1.0:
    resolution: {integrity: sha512-V/JgOLFCS+R6Vcq0slCuaeWEdNC3ouDlJMNIsacH2VtALiu9mV4LPrHc5cDl8k5aw6J8jwgWWpiTo5RYhmIzvg==}
    engines: {node: '>= 8'}

  fsevents@2.3.3:
    resolution: {integrity: sha512-5xoDfX+fL7faATnagmWPpbFtwh/R77WmMMqqHGS65C3vvB0YHrgF+B1YmZ3441tMj5n63k0212XNoJwzlhffQw==}
    engines: {node: ^8.16.0 || ^10.6.0 || >=11.0.0}
    os: [darwin]

  function-bind@1.1.2:
    resolution: {integrity: sha512-7XHNxH7qX9xG5mIwxkhumTox/MIRNcOgDrxWsMt2pAr23WHp6MrRlN7FBSFpCpr+oVO0F744iUgR82nJMfG2SA==}

  get-east-asian-width@1.2.0:
    resolution: {integrity: sha512-2nk+7SIVb14QrgXFHcm84tD4bKQz0RxPuMT8Ag5KPOq7J5fEmAg0UbXdTOSHqNuHSU28k55qnceesxXRZGzKWA==}
    engines: {node: '>=18'}

  get-tsconfig@4.7.6:
    resolution: {integrity: sha512-ZAqrLlu18NbDdRaHq+AKXzAmqIUPswPWKUchfytdAjiRFnCe5ojG2bstg6mRiZabkKfCoL/e98pbBELIV/YCeA==}

  giget@1.2.5:
    resolution: {integrity: sha512-r1ekGw/Bgpi3HLV3h1MRBIlSAdHoIMklpaQ3OQLFcRw9PwAj2rqigvIbg+dBUI51OxVI2jsEtDywDBjSiuf7Ug==}
    hasBin: true

  glob@10.4.5:
    resolution: {integrity: sha512-7Bv8RF0k6xjo7d4A/PxYLbUCfb6c+Vpd2/mB2yRDlew7Jb5hEXiCD9ibfO7wpk8i4sevK6DFny9h7EYbM3/sHg==}
    hasBin: true

  handlebars@4.7.8:
    resolution: {integrity: sha512-vafaFqs8MZkRrSX7sFVUdo3ap/eNiLnb4IakshzvP56X5Nr1iGKAIqdX6tMlm6HcNRIkr6AxO5jFEoJzzpT8aQ==}
    engines: {node: '>=0.4.7'}
    hasBin: true

  hasown@2.0.2:
    resolution: {integrity: sha512-0hJU9SCPvmMzIBdZFqNPXWa6dqh7WdH0cII9y+CyS8rG3nL48Bclra9HmKhVVUHyPWNH5Y7xDwAB7bfgSjkUMQ==}
    engines: {node: '>= 0.4'}

  is-builtin-module@3.2.1:
    resolution: {integrity: sha512-BSLE3HnV2syZ0FK0iMA/yUGplUeMmNz4AW5fnTunbCIqZi4vG3WjJT9FHMy5D69xmAYBHXQhJdALdpwVxV501A==}
    engines: {node: '>=6'}

  is-core-module@2.13.1:
    resolution: {integrity: sha512-hHrIjvZsftOsvKSn2TRYl63zvxsgE0K+0mYMoH6gD4omR5IWB2KynivBQczo3+wF1cCkjzvptnI9Q0sPU66ilw==}

  is-fullwidth-code-point@3.0.0:
    resolution: {integrity: sha512-zymm5+u+sCsSWyD9qNaejV3DFvhCKclKdizYaJUuHA83RLjb7nSuGnddCHGv0hk+KY7BMAlsWeK4Ueg6EV6XQg==}
    engines: {node: '>=8'}

  is-interactive@2.0.0:
    resolution: {integrity: sha512-qP1vozQRI+BMOPcjFzrjXuQvdak2pHNUMZoeG2eRbiSqyvbEf/wQtEOTOX1guk6E3t36RkaqiSt8A/6YElNxLQ==}
    engines: {node: '>=12'}

  is-module@1.0.0:
    resolution: {integrity: sha512-51ypPSPCoTEIN9dy5Oy+h4pShgJmPCygKfyRCISBI+JoWT/2oJvK8QPxmwv7b/p239jXrm9M1mlQbyKJ5A152g==}

  is-reference@1.2.1:
    resolution: {integrity: sha512-U82MsXXiFIrjCK4otLT+o2NA2Cd2g5MLoOVXUZjIOhLurrRxpEXzI8O0KZHr3IjLvlAH1kTPYSuqer5T9ZVBKQ==}

  is-unicode-supported@1.3.0:
    resolution: {integrity: sha512-43r2mRvz+8JRIKnWJ+3j8JtjRKZ6GmjzfaE/qiBJnikNnYv/6bagRJ1kUhNk8R5EX/GkobD+r+sfxCPJsiKBLQ==}
    engines: {node: '>=12'}

  is-unicode-supported@2.0.0:
    resolution: {integrity: sha512-FRdAyx5lusK1iHG0TWpVtk9+1i+GjrzRffhDg4ovQ7mcidMQ6mj+MhKPmvh7Xwyv5gIS06ns49CA7Sqg7lC22Q==}
    engines: {node: '>=18'}

  isexe@2.0.0:
    resolution: {integrity: sha512-RHxMLp9lnKHGHRng9QFhRCMbYAcVpn69smSGcq3f36xjgVVWThj4qqLbTLlq7Ssj8B+fIQ1EuCEGI2lKsyQeIw==}

  jackspeak@3.4.3:
    resolution: {integrity: sha512-OGlZQpz2yfahA/Rd1Y8Cd9SIEsqvXkLVoSw/cgwhnhFMDbsQFeZYoJJ7bIZBS9BcamUW96asq/npPWugM+RQBw==}

  jiti@2.4.2:
    resolution: {integrity: sha512-rg9zJN+G4n2nfJl5MW3BMygZX56zKPNVEYYqq7adpmMh4Jn2QNEwhvQlFy6jPVdcod7txZtKHWnyZiA3a0zP7A==}
    hasBin: true

  js-tokens@4.0.0:
    resolution: {integrity: sha512-RdJUflcE3cUzKiMqQgsCu06FPu9UdIJO0beYbPhHN4k6apgJtifcoCtT9bcxOpYBtpD2kCM6Sbzg4CausW/PKQ==}

  js-yaml@4.1.0:
    resolution: {integrity: sha512-wpxZs9NoxZaJESJGIZTyDEaYpl0FKSA+FB9aJiyemKhMwkxQg63h4T1KJgUGHpTqPDNRcmmYLugrRjJlBtWvRA==}
    hasBin: true

  log-symbols@6.0.0:
    resolution: {integrity: sha512-i24m8rpwhmPIS4zscNzK6MSEhk0DUWa/8iYQWxhffV8jkI4Phvs3F+quL5xvS0gdQR0FyTCMMH33Y78dDTzzIw==}
    engines: {node: '>=18'}

  lru-cache@10.4.3:
    resolution: {integrity: sha512-JNAzZcXrCt42VGLuYz0zfAzDfAvJWW6AfYlDBQyDV5DClI2m5sAmK+OIO7s59XfsRsWHp02jAJrRadPRGTt6SQ==}

  magic-string@0.30.11:
    resolution: {integrity: sha512-+Wri9p0QHMy+545hKww7YAu5NyzF8iomPL/RQazugQ9+Ez4Ic3mERMd8ZTX5rfK944j+560ZJi8iAwgak1Ac7A==}

  mimic-fn@2.1.0:
    resolution: {integrity: sha512-OqbOk5oEQeAZ8WXWydlu9HJjz9WVdEIvamMCcXmuqUYjTknH/sqsWvhQ3vgwKFRR1HpjvNBKQ37nbJgYzGqGcg==}
    engines: {node: '>=6'}

  minimatch@9.0.5:
    resolution: {integrity: sha512-G6T0ZX48xgozx7587koeX9Ys2NYy6Gmv//P89sEte9V9whIapMNF4idKxnW2QtCcLiTWlb/wfCabAtAFWhhBow==}
    engines: {node: '>=16 || 14 >=14.17'}

  minimist@1.2.8:
    resolution: {integrity: sha512-2yyAR8qBkN3YuheJanUpWC5U3bb5osDywNB8RzDVlDwDHbocAJveqqj1u8+SVD7jkWT4yvsHCpWqqWqAxb0zCA==}

  minipass@3.3.6:
    resolution: {integrity: sha512-DxiNidxSEK+tHG6zOIklvNOwm3hvCrbUrdtzY74U6HKTJxvIDfOUL5W5P2Ghd3DTkhhKPYGqeNUIh5qcM4YBfw==}
    engines: {node: '>=8'}

  minipass@5.0.0:
    resolution: {integrity: sha512-3FnjYuehv9k6ovOEbyOswadCDPX1piCfhV8ncmYtHOjuPwylVWsghTLo7rabjC3Rx5xD4HDx8Wm1xnMF7S5qFQ==}
    engines: {node: '>=8'}

  minipass@7.1.2:
    resolution: {integrity: sha512-qOOzS1cBTWYF4BH8fVePDBOO9iptMnGUEZwNc/cMWnTV2nVLZ7VoNWEPHkYczZA0pdoA7dl6e7FL659nX9S2aw==}
    engines: {node: '>=16 || 14 >=14.17'}

  minizlib@2.1.2:
    resolution: {integrity: sha512-bAxsR8BVfj60DWXHE3u30oHzfl4G7khkSuPW+qvpd7jFRHm7dLxOjUk1EHACJ/hxLY8phGJ0YhYHZo7jil7Qdg==}
    engines: {node: '>= 8'}

  mkdirp@1.0.4:
    resolution: {integrity: sha512-vVqVZQyf3WLx2Shd0qJ9xuvqgAyKPLAiqITEtqW0oIUjzo3PePDd6fW9iFz30ef7Ysp/oiWqbhszeGWW2T6Gzw==}
    engines: {node: '>=10'}
    hasBin: true

  mlly@1.7.4:
    resolution: {integrity: sha512-qmdSIPC4bDJXgZTCR7XosJiNKySV7O215tsPtDN9iEO/7q/76b/ijtgRu/+epFXSJhijtTCCGp3DWS549P3xKw==}

  neo-async@2.6.2:
    resolution: {integrity: sha512-Yd3UES5mWCSqR+qNT93S3UoYUkqAZ9lLg8a7g9rimsWmYGK8cVToA4/sF3RrshdyV3sAGMXVUmpMYOw+dLpOuw==}

  node-fetch-native@1.6.6:
    resolution: {integrity: sha512-8Mc2HhqPdlIfedsuZoc3yioPuzp6b+L5jRCRY1QzuWZh2EGJVQrGppC6V6cF0bLdbW0+O2YpqCA25aF/1lvipQ==}

  nypm@0.5.4:
    resolution: {integrity: sha512-X0SNNrZiGU8/e/zAB7sCTtdxWTMSIO73q+xuKgglm2Yvzwlo8UoC5FNySQFCvl84uPaeADkqHUZUkWy4aH4xOA==}
    engines: {node: ^14.16.0 || >=16.10.0}
    hasBin: true

  ohash@1.1.6:
    resolution: {integrity: sha512-TBu7PtV8YkAZn0tSxobKY2n2aAQva936lhRrj6957aDaCf9IEtqsKbgMzXE/F/sjqYOwmrukeORHNLe5glk7Cg==}

  onetime@5.1.2:
    resolution: {integrity: sha512-kbpaSSGJTWdAY5KPVeMOKXSrPtr8C8C7wodJbcsd51jRnmD+GZu8Y0VoU6Dm5Z4vWr0Ig/1NKuWRKf7j5aaYSg==}
    engines: {node: '>=6'}

  openapi-fetch@0.13.5:
    resolution: {integrity: sha512-AQK8T9GSKFREFlN1DBXTYsLjs7YV2tZcJ7zUWxbjMoQmj8dDSFRrzhLCbHPZWA1TMV3vACqfCxLEZcwf2wxV6Q==}

  openapi-typescript-helpers@0.0.15:
    resolution: {integrity: sha512-opyTPaunsklCBpTK8JGef6mfPhLSnyy5a0IN9vKtx3+4aExf+KxEqYwIy3hqkedXIB97u357uLMJsOnm3GVjsw==}

  ora@8.0.1:
    resolution: {integrity: sha512-ANIvzobt1rls2BDny5fWZ3ZVKyD6nscLvfFRpQgfWsythlcsVUC9kL0zq6j2Z5z9wwp1kd7wpsD/T9qNPVLCaQ==}
    engines: {node: '>=18'}

  package-json-from-dist@1.0.0:
    resolution: {integrity: sha512-dATvCeZN/8wQsGywez1mzHtTlP22H8OEfPrVMLNr4/eGa+ijtLn/6M5f0dY8UKNrC2O9UCU6SSoG3qRKnt7STw==}

  path-key@3.1.1:
    resolution: {integrity: sha512-ojmeN0qd+y0jszEtoY48r0Peq5dwMEkIlCOu6Q5f41lfkswXuKtYrhgoTpLnyIcHm24Uhqx+5Tqm2InSwLhE6Q==}
    engines: {node: '>=8'}

  path-parse@1.0.7:
    resolution: {integrity: sha512-LDJzPVEEEPR+y48z93A0Ed0yXb8pAByGWo/k5YYdYgpY2/2EsOsksJrq7lOHxryrVOn1ejG6oAp8ahvOIQD8sw==}

  path-scurry@1.11.1:
    resolution: {integrity: sha512-Xa4Nw17FS9ApQFJ9umLiJS4orGjm7ZzwUrwamcGQuHSzDyth9boKDaycYdDcZDuqYATXw4HFXgaqWTctW/v1HA==}
    engines: {node: '>=16 || 14 >=14.18'}

  pathe@1.1.2:
    resolution: {integrity: sha512-whLdWMYL2TwI08hn8/ZqAbrVemu0LNaNNJZX73O6qaIdCTfXutsLhMkjdENX0qhsQ9uIimo4/aQOmXkoon2nDQ==}

  pathe@2.0.3:
    resolution: {integrity: sha512-WUjGcAqP1gQacoQe+OBJsFA7Ld4DyXuUIjZ5cc75cLHvJ7dtNsTugphxIADwspS+AraAUePCKrSVtPLFj/F88w==}

  perfect-debounce@1.0.0:
    resolution: {integrity: sha512-xCy9V055GLEqoFaHoC1SoLIaLmWctgCUaBaWxDZ7/Zx4CTyX7cJQLJOok/orfjZAh9kEYpjJa4d0KcJmCbctZA==}

  picocolors@1.0.1:
    resolution: {integrity: sha512-anP1Z8qwhkbmu7MFP5iTt+wQKXgwzf7zTyGlcdzabySa9vd0Xt392U0rVmz9poOaBj0uHJKyyo9/upk0HrEQew==}

  picomatch@2.3.1:
    resolution: {integrity: sha512-JU3teHTNjmE2VCGFzuY8EXzCDVwEqB2a8fsIvwaStHhAWJEeVd1o1QD80CU6+ZdEXXSLbSsuLwJjkCBWqRQUVA==}
    engines: {node: '>=8.6'}

  pkg-types@1.3.1:
    resolution: {integrity: sha512-/Jm5M4RvtBFVkKWRu2BLUTNP8/M2a+UwuAX+ae4770q1qVGtfjG+WTCupoZixokjmHiry8uI+dlY8KXYV5HVVQ==}

  prettier@3.3.3:
    resolution: {integrity: sha512-i2tDNA0O5IrMO757lfrdQZCc2jPNDVntV0m/+4whiDfWaTKfMNgR7Qz0NAeGz/nRqF4m5/6CLzbP4/liHt12Ew==}
    engines: {node: '>=14'}
    hasBin: true

  pretty-bytes@5.6.0:
    resolution: {integrity: sha512-FFw039TmrBqFK8ma/7OL3sDz/VytdtJr044/QUJtH0wK9lb9jLq9tJyIxUwtQJHwar2BqtiA4iCWSwo9JLkzFg==}
    engines: {node: '>=6'}

  rc9@2.1.2:
    resolution: {integrity: sha512-btXCnMmRIBINM2LDZoEmOogIZU7Qe7zn4BpomSKZ/ykbLObuBdvG+mFq11DL6fjH1DRwHhrlgtYWG96bJiC7Cg==}

  readdirp@4.1.2:
    resolution: {integrity: sha512-GDhwkLfywWL2s6vEjyhri+eXmfH6j1L7JE27WhqLeYzoh/A3DBaYGEj2H/HFZCn/kMfim73FXxEJTw06WtxQwg==}
    engines: {node: '>= 14.18.0'}

  resolve-pkg-maps@1.0.0:
    resolution: {integrity: sha512-seS2Tj26TBVOC2NIc2rOe2y2ZO7efxITtLZcGSOnHHNOQ7CkiUBfw0Iw2ck6xkIhPwLhKNLS8BO+hEpngQlqzw==}

  resolve@1.22.8:
    resolution: {integrity: sha512-oKWePCxqpd6FlLvGV1VU0x7bkPmmCNolxzjMf4NczoDnQcIWrAF+cPtZn5i6n+RfD2d9i0tzpKnG6Yk168yIyw==}
    hasBin: true

  restore-cursor@4.0.0:
    resolution: {integrity: sha512-I9fPXU9geO9bHOt9pHHOhOkYerIMsmVaWB0rA2AI9ERh/+x/i7MV5HKBNrg+ljO5eoPVgCcnFuRjJ9uH6I/3eg==}
    engines: {node: ^12.20.0 || ^14.13.1 || >=16.0.0}

  rollup-plugin-dts@6.1.1:
    resolution: {integrity: sha512-aSHRcJ6KG2IHIioYlvAOcEq6U99sVtqDDKVhnwt70rW6tsz3tv5OSjEiWcgzfsHdLyGXZ/3b/7b/+Za3Y6r1XA==}
    engines: {node: '>=16'}
    peerDependencies:
      rollup: ^3.29.4 || ^4
      typescript: ^4.5 || ^5.0

  rollup-plugin-swc3@0.11.2:
    resolution: {integrity: sha512-o1ih9B806fV2wBSNk46T0cYfTF2eiiKmYXRpWw3K4j/Cp3tCAt10UCVsTqvUhGP58pcB3/GZcAVl5e7TCSKN6Q==}
    engines: {node: '>=12'}
    peerDependencies:
      '@swc/core': '>=1.2.165'
      rollup: ^2.0.0 || ^3.0.0 || ^4.0.0

  rollup-preserve-directives@1.1.1:
    resolution: {integrity: sha512-+eQafbuEfDPfxQ9hQPlwaROfin4yiVRxap8hnrvvvcSGoukv1tTiYpAW9mvm3uR8J+fe4xd8FdVd5rz9q7jZ+Q==}
    peerDependencies:
      rollup: ^2.0.0 || ^3.0.0 || ^4.0.0

  rollup@4.19.1:
    resolution: {integrity: sha512-K5vziVlg7hTpYfFBI+91zHBEMo6jafYXpkMlqZjg7/zhIG9iHqazBf4xz9AVdjS9BruRn280ROqLI7G3OFRIlw==}
    engines: {node: '>=18.0.0', npm: '>=8.0.0'}
    hasBin: true

  shebang-command@2.0.0:
    resolution: {integrity: sha512-kHxr2zZpYtdmrN1qDjrrX/Z1rR1kG8Dx+gkpK1G4eXmvXswmcE1hTWBWYUzlraYw1/yZp6YuDY77YtvbN0dmDA==}
    engines: {node: '>=8'}

  shebang-regex@3.0.0:
    resolution: {integrity: sha512-7++dFhtcx3353uBaq8DDR4NuxBetBzC7ZQOhmTQInHEd6bSrXdiEyzCvG07Z44UYdLShWUyXt5M/yhz8ekcb1A==}
    engines: {node: '>=8'}

  signal-exit@3.0.7:
    resolution: {integrity: sha512-wnD2ZE+l+SPC/uoS0vXeE9L1+0wuaMqKlfz9AMUo38JsyLSBWSFcHR1Rri62LZc12vLr1gb3jl7iwQhgwpAbGQ==}

  signal-exit@4.1.0:
    resolution: {integrity: sha512-bzyZ1e88w9O1iNJbKnOlvYTrWPDl46O1bG0D3XInv+9tkPrxrN8jUUTiFlDkkmKWgn1M6CfIA13SuGqOa9Korw==}
    engines: {node: '>=14'}

  source-map@0.6.1:
    resolution: {integrity: sha512-UjgapumWlbMhkBgzT7Ykc5YXUT46F0iKu8SGXq0bcwP5dz/h0Plj6enJqjz1Zbq2l5WaqYnrVbwWOWMyF3F47g==}
    engines: {node: '>=0.10.0'}

  stdin-discarder@0.2.2:
    resolution: {integrity: sha512-UhDfHmA92YAlNnCfhmq0VeNL5bDbiZGg7sZ2IvPsXubGkiNa9EC+tUTsjBRsYUAz87btI6/1wf4XoVvQ3uRnmQ==}
    engines: {node: '>=18'}

  string-width@4.2.3:
    resolution: {integrity: sha512-wKyQRQpjJ0sIp62ErSZdGsjMJWsap5oRNihHhu6G7JVO/9jIB6UyevL+tXuOqrng8j/cxKTWyWUwvSTriiZz/g==}
    engines: {node: '>=8'}

  string-width@5.1.2:
    resolution: {integrity: sha512-HnLOCR3vjcY8beoNLtcjZ5/nxn2afmME6lhrDrebokqMap+XbeW8n9TXpPDOqdGK5qcI3oT0GKTW6wC7EMiVqA==}
    engines: {node: '>=12'}

  string-width@7.2.0:
    resolution: {integrity: sha512-tsaTIkKW9b4N+AEj+SVA+WhJzV7/zMhcSu78mLKWSk7cXMOSHsBKFWUs0fWwq8QyK3MgJBQRX6Gbi4kYbdvGkQ==}
    engines: {node: '>=18'}

  strip-ansi@6.0.1:
    resolution: {integrity: sha512-Y38VPSHcqkFrCpFnQ9vuSXmquuv5oXOKpGeT6aGrr3o3Gc9AlVa6JBfUSOCnbxGGZF+/0ooI7KrPuUSztUdU5A==}
    engines: {node: '>=8'}

  strip-ansi@7.1.0:
    resolution: {integrity: sha512-iq6eVVI64nQQTRYq2KtEg2d2uU7LElhTJwsH4YzIHZshxlgZms/wIc4VoDQTlG/IvVIrBKG06CrZnp0qv7hkcQ==}
    engines: {node: '>=12'}

  supports-preserve-symlinks-flag@1.0.0:
    resolution: {integrity: sha512-ot0WnXS9fgdkgIcePe6RHNk1WA8+muPa6cSjeR3V8K27q9BB1rTE3R1p7Hv0z1ZyAc8s6Vvv8DIyWf681MAt0w==}
    engines: {node: '>= 0.4'}

  tar@6.2.1:
    resolution: {integrity: sha512-DZ4yORTwrbTj/7MZYq2w+/ZFdI6OZ/f9SFHR+71gIVUZhOQPHzVCLpvRnPgyaMpfWxxk/4ONva3GQSyNIKRv6A==}
    engines: {node: '>=10'}

  tinyexec@0.3.2:
    resolution: {integrity: sha512-KQQR9yN7R5+OSwaK0XQoj22pwHoTlgYqmUscPYoknOoWCWfj/5/ABTMRi69FrKU5ffPVh5QcFikpWJI/P1ocHA==}

  tslib@2.6.3:
    resolution: {integrity: sha512-xNvxJEOUiWPGhUuUdQgAJPKOOJfGnIyKySOc09XkKsgdUV/3E2zvwZYdejjmRgPCgcym1juLH3226yA7sEFJKQ==}

  typescript@5.5.4:
    resolution: {integrity: sha512-Mtq29sKDAEYP7aljRgtPOpTvOfbwRWlS6dPRzwjdE+C0R4brX/GUyhHSecbHMFLNBLcJIPt9nl9yG5TZ1weH+Q==}
    engines: {node: '>=14.17'}
    hasBin: true

  ufo@1.5.4:
    resolution: {integrity: sha512-UsUk3byDzKd04EyoZ7U4DOlxQaD14JUKQl6/P7wiX4FNvUfm3XL246n9W5AmqwW5RSFJ27NAuM0iLscAOYUiGQ==}

  uglify-js@3.19.3:
    resolution: {integrity: sha512-v3Xu+yuwBXisp6QYTcH4UbH+xYJXqnq2m/LtQVWKWzYc1iehYnLixoQDN9FH6/j9/oybfd6W9Ghwkl8+UMKTKQ==}
    engines: {node: '>=0.8.0'}
    hasBin: true

  undici-types@6.11.1:
    resolution: {integrity: sha512-mIDEX2ek50x0OlRgxryxsenE5XaQD4on5U2inY7RApK3SOJpofyw7uW2AyfMKkhAxXIceo2DeWGVGwyvng1GNQ==}

  which@2.0.2:
    resolution: {integrity: sha512-BLI3Tl1TW3Pvl70l3yq3Y64i+awpwXqsGBYWkkqMtnbXgrMD+yj7rhW0kuEDxzJaYXGjEW5ogapKNMEKNMjibA==}
    engines: {node: '>= 8'}
    hasBin: true

  wordwrap@1.0.0:
    resolution: {integrity: sha512-gvVzJFlPycKc5dZN4yPkP8w7Dc37BtP1yczEneOb4uq34pXZcvrtRTmWV8W+Ume+XCxKgbjM+nevkyFPMybd4Q==}

  wrap-ansi@7.0.0:
    resolution: {integrity: sha512-YVGIj2kamLSTxw6NsZjoBxfSwsn0ycdesmc4p+Q21c5zPuZ1pl+NfxVdxPtdHvmNVOQ6XSYG4AUtyt/Fi7D16Q==}
    engines: {node: '>=10'}

  wrap-ansi@8.1.0:
    resolution: {integrity: sha512-si7QWI6zUMq56bESFvagtmzMdGOtoxfR+Sez11Mobfc7tm+VkUckk9bW2UeffTGVUbOksxmSw0AA2gs8g71NCQ==}
    engines: {node: '>=12'}

  yallist@4.0.0:
    resolution: {integrity: sha512-3wdGidZyq5PB084XLES5TpOSRA3wjXAlIWMhum2kRcv/41Sn2emQ0dycQW4uZXLejwKvg6EsvbdlVL+FYEct7A==}

snapshots:

  '@babel/code-frame@7.26.2':
    dependencies:
      '@babel/helper-validator-identifier': 7.25.9
      js-tokens: 4.0.0
      picocolors: 1.0.1
    optional: true

  '@babel/helper-validator-identifier@7.25.9':
    optional: true

  '@fastify/deepmerge@1.3.0': {}

  '@hey-api/client-fetch@0.10.0(@hey-api/openapi-ts@0.66.3(typescript@5.5.4))':
    dependencies:
      '@hey-api/openapi-ts': 0.66.3(typescript@5.5.4)

  '@hey-api/json-schema-ref-parser@1.0.4':
    dependencies:
      '@jsdevtools/ono': 7.1.3
      '@types/json-schema': 7.0.15
      js-yaml: 4.1.0

  '@hey-api/openapi-ts@0.66.3(typescript@5.5.4)':
    dependencies:
      '@hey-api/json-schema-ref-parser': 1.0.4
      c12: 2.0.1
      commander: 13.0.0
      handlebars: 4.7.8
      typescript: 5.5.4
    transitivePeerDependencies:
      - magicast

  '@isaacs/cliui@8.0.2':
    dependencies:
      string-width: 5.1.2
      string-width-cjs: string-width@4.2.3
      strip-ansi: 7.1.0
      strip-ansi-cjs: strip-ansi@6.0.1
      wrap-ansi: 8.1.0
      wrap-ansi-cjs: wrap-ansi@7.0.0

  '@jridgewell/sourcemap-codec@1.5.0': {}

  '@jsdevtools/ono@7.1.3': {}

  '@pkgjs/parseargs@0.11.0':
    optional: true

  '@rollup/plugin-commonjs@26.0.1(rollup@4.19.1)':
    dependencies:
      '@rollup/pluginutils': 5.1.0(rollup@4.19.1)
      commondir: 1.0.1
      estree-walker: 2.0.2
      glob: 10.4.5
      is-reference: 1.2.1
      magic-string: 0.30.11
    optionalDependencies:
      rollup: 4.19.1

  '@rollup/plugin-json@6.1.0(rollup@4.19.1)':
    dependencies:
      '@rollup/pluginutils': 5.1.0(rollup@4.19.1)
    optionalDependencies:
      rollup: 4.19.1

  '@rollup/plugin-node-resolve@15.2.3(rollup@4.19.1)':
    dependencies:
      '@rollup/pluginutils': 5.1.0(rollup@4.19.1)
      '@types/resolve': 1.20.2
      deepmerge: 4.3.1
      is-builtin-module: 3.2.1
      is-module: 1.0.0
      resolve: 1.22.8
    optionalDependencies:
      rollup: 4.19.1

  '@rollup/plugin-replace@5.0.7(rollup@4.19.1)':
    dependencies:
      '@rollup/pluginutils': 5.1.0(rollup@4.19.1)
      magic-string: 0.30.11
    optionalDependencies:
      rollup: 4.19.1

  '@rollup/plugin-wasm@6.2.2(rollup@4.19.1)':
    dependencies:
      '@rollup/pluginutils': 5.1.0(rollup@4.19.1)
    optionalDependencies:
      rollup: 4.19.1

  '@rollup/pluginutils@5.1.0(rollup@4.19.1)':
    dependencies:
      '@types/estree': 1.0.5
      estree-walker: 2.0.2
      picomatch: 2.3.1
    optionalDependencies:
      rollup: 4.19.1

  '@rollup/rollup-android-arm-eabi@4.19.1':
    optional: true

  '@rollup/rollup-android-arm64@4.19.1':
    optional: true

  '@rollup/rollup-darwin-arm64@4.19.1':
    optional: true

  '@rollup/rollup-darwin-x64@4.19.1':
    optional: true

  '@rollup/rollup-linux-arm-gnueabihf@4.19.1':
    optional: true

  '@rollup/rollup-linux-arm-musleabihf@4.19.1':
    optional: true

  '@rollup/rollup-linux-arm64-gnu@4.19.1':
    optional: true

  '@rollup/rollup-linux-arm64-musl@4.19.1':
    optional: true

  '@rollup/rollup-linux-powerpc64le-gnu@4.19.1':
    optional: true

  '@rollup/rollup-linux-riscv64-gnu@4.19.1':
    optional: true

  '@rollup/rollup-linux-s390x-gnu@4.19.1':
    optional: true

  '@rollup/rollup-linux-x64-gnu@4.19.1':
    optional: true

  '@rollup/rollup-linux-x64-musl@4.19.1':
    optional: true

  '@rollup/rollup-win32-arm64-msvc@4.19.1':
    optional: true

  '@rollup/rollup-win32-ia32-msvc@4.19.1':
    optional: true

  '@rollup/rollup-win32-x64-msvc@4.19.1':
    optional: true

  '@swc/core-darwin-arm64@1.7.4':
    optional: true

  '@swc/core-darwin-x64@1.7.4':
    optional: true

  '@swc/core-linux-arm-gnueabihf@1.7.4':
    optional: true

  '@swc/core-linux-arm64-gnu@1.7.4':
    optional: true

  '@swc/core-linux-arm64-musl@1.7.4':
    optional: true

  '@swc/core-linux-x64-gnu@1.7.4':
    optional: true

  '@swc/core-linux-x64-musl@1.7.4':
    optional: true

  '@swc/core-win32-arm64-msvc@1.7.4':
    optional: true

  '@swc/core-win32-ia32-msvc@1.7.4':
    optional: true

  '@swc/core-win32-x64-msvc@1.7.4':
    optional: true

  '@swc/core@1.7.4(@swc/helpers@0.5.12)':
    dependencies:
      '@swc/counter': 0.1.3
      '@swc/types': 0.1.12
    optionalDependencies:
      '@swc/core-darwin-arm64': 1.7.4
      '@swc/core-darwin-x64': 1.7.4
      '@swc/core-linux-arm-gnueabihf': 1.7.4
      '@swc/core-linux-arm64-gnu': 1.7.4
      '@swc/core-linux-arm64-musl': 1.7.4
      '@swc/core-linux-x64-gnu': 1.7.4
      '@swc/core-linux-x64-musl': 1.7.4
      '@swc/core-win32-arm64-msvc': 1.7.4
      '@swc/core-win32-ia32-msvc': 1.7.4
      '@swc/core-win32-x64-msvc': 1.7.4
      '@swc/helpers': 0.5.12

  '@swc/counter@0.1.3': {}

  '@swc/helpers@0.5.12':
    dependencies:
      tslib: 2.6.3

  '@swc/types@0.1.12':
    dependencies:
      '@swc/counter': 0.1.3

  '@types/estree@1.0.5': {}

  '@types/json-schema@7.0.15': {}

  '@types/node@22.0.2':
    dependencies:
      undici-types: 6.11.1

  '@types/resolve@1.20.2': {}

  acorn@8.14.1: {}

  ansi-regex@5.0.1: {}

  ansi-regex@6.0.1: {}

  ansi-styles@4.3.0:
    dependencies:
      color-convert: 2.0.1

  ansi-styles@6.2.1: {}

  arg@5.0.2: {}

  argparse@2.0.1: {}

  balanced-match@1.0.2: {}

  brace-expansion@2.0.1:
    dependencies:
      balanced-match: 1.0.2

  builtin-modules@3.3.0: {}

  bunchee@5.3.1(typescript@5.5.4):
    dependencies:
      '@rollup/plugin-commonjs': 26.0.1(rollup@4.19.1)
      '@rollup/plugin-json': 6.1.0(rollup@4.19.1)
      '@rollup/plugin-node-resolve': 15.2.3(rollup@4.19.1)
      '@rollup/plugin-replace': 5.0.7(rollup@4.19.1)
      '@rollup/plugin-wasm': 6.2.2(rollup@4.19.1)
      '@rollup/pluginutils': 5.1.0(rollup@4.19.1)
      '@swc/core': 1.7.4(@swc/helpers@0.5.12)
      '@swc/helpers': 0.5.12
      arg: 5.0.2
      clean-css: 5.3.3
      magic-string: 0.30.11
      ora: 8.0.1
      pretty-bytes: 5.6.0
      rollup: 4.19.1
      rollup-plugin-dts: 6.1.1(rollup@4.19.1)(typescript@5.5.4)
      rollup-plugin-swc3: 0.11.2(@swc/core@1.7.4(@swc/helpers@0.5.12))(rollup@4.19.1)
      rollup-preserve-directives: 1.1.1(rollup@4.19.1)
      tslib: 2.6.3
    optionalDependencies:
      typescript: 5.5.4

  c12@2.0.1:
    dependencies:
      chokidar: 4.0.3
      confbox: 0.1.8
      defu: 6.1.4
      dotenv: 16.4.5
      giget: 1.2.5
      jiti: 2.4.2
      mlly: 1.7.4
      ohash: 1.1.6
      pathe: 1.1.2
      perfect-debounce: 1.0.0
      pkg-types: 1.3.1
      rc9: 2.1.2

  chalk@5.3.0: {}

  chokidar@4.0.3:
    dependencies:
      readdirp: 4.1.2

  chownr@2.0.0: {}

  citty@0.1.6:
    dependencies:
      consola: 3.4.2

  clean-css@5.3.3:
    dependencies:
      source-map: 0.6.1

  cli-cursor@4.0.0:
    dependencies:
      restore-cursor: 4.0.0

  cli-spinners@2.9.2: {}

  color-convert@2.0.1:
    dependencies:
      color-name: 1.1.4

  color-name@1.1.4: {}

  commander@13.0.0: {}

  commondir@1.0.1: {}

  confbox@0.1.8: {}

  consola@3.4.2: {}

  cross-spawn@7.0.3:
    dependencies:
      path-key: 3.1.1
      shebang-command: 2.0.0
      which: 2.0.2

  deepmerge@4.3.1: {}

  defu@6.1.4: {}

  destr@2.0.5: {}

  dotenv@16.4.5: {}

  eastasianwidth@0.2.0: {}

  emoji-regex@10.3.0: {}

  emoji-regex@8.0.0: {}

  emoji-regex@9.2.2: {}

  estree-walker@2.0.2: {}

  foreground-child@3.2.1:
    dependencies:
      cross-spawn: 7.0.3
      signal-exit: 4.1.0

  fs-minipass@2.1.0:
    dependencies:
      minipass: 3.3.6

  fsevents@2.3.3:
    optional: true

  function-bind@1.1.2: {}

  get-east-asian-width@1.2.0: {}

  get-tsconfig@4.7.6:
    dependencies:
      resolve-pkg-maps: 1.0.0

  giget@1.2.5:
    dependencies:
      citty: 0.1.6
      consola: 3.4.2
      defu: 6.1.4
      node-fetch-native: 1.6.6
      nypm: 0.5.4
      pathe: 2.0.3
      tar: 6.2.1

  glob@10.4.5:
    dependencies:
      foreground-child: 3.2.1
      jackspeak: 3.4.3
      minimatch: 9.0.5
      minipass: 7.1.2
      package-json-from-dist: 1.0.0
      path-scurry: 1.11.1

  handlebars@4.7.8:
    dependencies:
      minimist: 1.2.8
      neo-async: 2.6.2
      source-map: 0.6.1
      wordwrap: 1.0.0
    optionalDependencies:
      uglify-js: 3.19.3

  hasown@2.0.2:
    dependencies:
      function-bind: 1.1.2

  is-builtin-module@3.2.1:
    dependencies:
      builtin-modules: 3.3.0

  is-core-module@2.13.1:
    dependencies:
      hasown: 2.0.2

  is-fullwidth-code-point@3.0.0: {}

  is-interactive@2.0.0: {}

  is-module@1.0.0: {}

  is-reference@1.2.1:
    dependencies:
      '@types/estree': 1.0.5

  is-unicode-supported@1.3.0: {}

  is-unicode-supported@2.0.0: {}

  isexe@2.0.0: {}

  jackspeak@3.4.3:
    dependencies:
      '@isaacs/cliui': 8.0.2
    optionalDependencies:
      '@pkgjs/parseargs': 0.11.0

  jiti@2.4.2: {}

  js-tokens@4.0.0:
    optional: true

  js-yaml@4.1.0:
    dependencies:
      argparse: 2.0.1

  log-symbols@6.0.0:
    dependencies:
      chalk: 5.3.0
      is-unicode-supported: 1.3.0

  lru-cache@10.4.3: {}

  magic-string@0.30.11:
    dependencies:
      '@jridgewell/sourcemap-codec': 1.5.0

  mimic-fn@2.1.0: {}

  minimatch@9.0.5:
    dependencies:
      brace-expansion: 2.0.1

  minimist@1.2.8: {}

  minipass@3.3.6:
    dependencies:
      yallist: 4.0.0

  minipass@5.0.0: {}

  minipass@7.1.2: {}

  minizlib@2.1.2:
    dependencies:
      minipass: 3.3.6
      yallist: 4.0.0

  mkdirp@1.0.4: {}

  mlly@1.7.4:
    dependencies:
      acorn: 8.14.1
      pathe: 2.0.3
      pkg-types: 1.3.1
      ufo: 1.5.4

  neo-async@2.6.2: {}

  node-fetch-native@1.6.6: {}

  nypm@0.5.4:
    dependencies:
      citty: 0.1.6
      consola: 3.4.2
      pathe: 2.0.3
      pkg-types: 1.3.1
      tinyexec: 0.3.2
      ufo: 1.5.4

  ohash@1.1.6: {}

  onetime@5.1.2:
    dependencies:
      mimic-fn: 2.1.0

  openapi-fetch@0.13.5:
    dependencies:
      openapi-typescript-helpers: 0.0.15

  openapi-typescript-helpers@0.0.15: {}

  ora@8.0.1:
    dependencies:
      chalk: 5.3.0
      cli-cursor: 4.0.0
      cli-spinners: 2.9.2
      is-interactive: 2.0.0
      is-unicode-supported: 2.0.0
      log-symbols: 6.0.0
      stdin-discarder: 0.2.2
      string-width: 7.2.0
      strip-ansi: 7.1.0

  package-json-from-dist@1.0.0: {}

  path-key@3.1.1: {}

  path-parse@1.0.7: {}

  path-scurry@1.11.1:
    dependencies:
      lru-cache: 10.4.3
      minipass: 7.1.2

  pathe@1.1.2: {}

  pathe@2.0.3: {}

  perfect-debounce@1.0.0: {}

  picocolors@1.0.1:
    optional: true

  picomatch@2.3.1: {}

  pkg-types@1.3.1:
    dependencies:
      confbox: 0.1.8
      mlly: 1.7.4
      pathe: 2.0.3

  prettier@3.3.3: {}

  pretty-bytes@5.6.0: {}

  rc9@2.1.2:
    dependencies:
      defu: 6.1.4
      destr: 2.0.5

  readdirp@4.1.2: {}

  resolve-pkg-maps@1.0.0: {}

  resolve@1.22.8:
    dependencies:
      is-core-module: 2.13.1
      path-parse: 1.0.7
      supports-preserve-symlinks-flag: 1.0.0

  restore-cursor@4.0.0:
    dependencies:
      onetime: 5.1.2
      signal-exit: 3.0.7

  rollup-plugin-dts@6.1.1(rollup@4.19.1)(typescript@5.5.4):
    dependencies:
      magic-string: 0.30.11
      rollup: 4.19.1
      typescript: 5.5.4
    optionalDependencies:
      '@babel/code-frame': 7.26.2

  rollup-plugin-swc3@0.11.2(@swc/core@1.7.4(@swc/helpers@0.5.12))(rollup@4.19.1):
    dependencies:
      '@fastify/deepmerge': 1.3.0
      '@rollup/pluginutils': 5.1.0(rollup@4.19.1)
      '@swc/core': 1.7.4(@swc/helpers@0.5.12)
      get-tsconfig: 4.7.6
      rollup: 4.19.1
      rollup-preserve-directives: 1.1.1(rollup@4.19.1)

  rollup-preserve-directives@1.1.1(rollup@4.19.1):
    dependencies:
      magic-string: 0.30.11
      rollup: 4.19.1

  rollup@4.19.1:
    dependencies:
      '@types/estree': 1.0.5
    optionalDependencies:
      '@rollup/rollup-android-arm-eabi': 4.19.1
      '@rollup/rollup-android-arm64': 4.19.1
      '@rollup/rollup-darwin-arm64': 4.19.1
      '@rollup/rollup-darwin-x64': 4.19.1
      '@rollup/rollup-linux-arm-gnueabihf': 4.19.1
      '@rollup/rollup-linux-arm-musleabihf': 4.19.1
      '@rollup/rollup-linux-arm64-gnu': 4.19.1
      '@rollup/rollup-linux-arm64-musl': 4.19.1
      '@rollup/rollup-linux-powerpc64le-gnu': 4.19.1
      '@rollup/rollup-linux-riscv64-gnu': 4.19.1
      '@rollup/rollup-linux-s390x-gnu': 4.19.1
      '@rollup/rollup-linux-x64-gnu': 4.19.1
      '@rollup/rollup-linux-x64-musl': 4.19.1
      '@rollup/rollup-win32-arm64-msvc': 4.19.1
      '@rollup/rollup-win32-ia32-msvc': 4.19.1
      '@rollup/rollup-win32-x64-msvc': 4.19.1
      fsevents: 2.3.3

  shebang-command@2.0.0:
    dependencies:
      shebang-regex: 3.0.0

  shebang-regex@3.0.0: {}

  signal-exit@3.0.7: {}

  signal-exit@4.1.0: {}

  source-map@0.6.1: {}

  stdin-discarder@0.2.2: {}

  string-width@4.2.3:
    dependencies:
      emoji-regex: 8.0.0
      is-fullwidth-code-point: 3.0.0
      strip-ansi: 6.0.1

  string-width@5.1.2:
    dependencies:
      eastasianwidth: 0.2.0
      emoji-regex: 9.2.2
      strip-ansi: 7.1.0

  string-width@7.2.0:
    dependencies:
      emoji-regex: 10.3.0
      get-east-asian-width: 1.2.0
      strip-ansi: 7.1.0

  strip-ansi@6.0.1:
    dependencies:
      ansi-regex: 5.0.1

  strip-ansi@7.1.0:
    dependencies:
      ansi-regex: 6.0.1

  supports-preserve-symlinks-flag@1.0.0: {}

  tar@6.2.1:
    dependencies:
      chownr: 2.0.0
      fs-minipass: 2.1.0
      minipass: 5.0.0
      minizlib: 2.1.2
      mkdirp: 1.0.4
      yallist: 4.0.0

  tinyexec@0.3.2: {}

  tslib@2.6.3: {}

  typescript@5.5.4: {}

  ufo@1.5.4: {}

  uglify-js@3.19.3:
    optional: true

  undici-types@6.11.1: {}

  which@2.0.2:
    dependencies:
      isexe: 2.0.0

  wordwrap@1.0.0: {}

  wrap-ansi@7.0.0:
    dependencies:
      ansi-styles: 4.3.0
      string-width: 4.2.3
      strip-ansi: 6.0.1

  wrap-ansi@8.1.0:
    dependencies:
      ansi-styles: 6.2.1
      string-width: 5.1.2
      strip-ansi: 7.1.0

  yallist@4.0.0: {}
